
Microsoft Visual Studio Solution File, Format Version 12.00
# Visual Studio Version 16
VisualStudioVersion = 16.0.30907.101
MinimumVisualStudioVersion = 10.0.40219.1
Project("{FAE04EC0-301F-11D3-BF4B-00C04F79EFBC}") = "MarkersDemonstration", "MarkersDemonstration.csproj", "{3C14319A-CF9A-483B-B4E6-E5942EBBC3D9}"
EndProject
Global
	GlobalSection(SolutionConfigurationPlatforms) = preSolution
		Debug|Any CPU = Debug|Any CPU
		Release|Any CPU = Release|Any CPU
	EndGlobalSection
	GlobalSection(ProjectConfigurationPlatforms) = postSolution
		{3C14319A-CF9A-483B-B4E6-E5942EBBC3D9}.Debug|Any CPU.ActiveCfg = Debug|Any CPU
		{3C14319A-CF9A-483B-B4E6-E5942EBBC3D9}.Debug|Any CPU.Build.0 = Debug|Any CPU
		{3C14319A-CF9A-483B-B4E6-E5942EBBC3D9}.Release|Any CPU.ActiveCfg = Release|Any CPU
		{3C14319A-CF9A-483B-B4E6-E5942EBBC3D9}.Release|Any CPU.Build.0 = Release|Any CPU
	EndGlobalSection
	GlobalSection(SolutionProperties) = preSolution
		HideSolutionNode = FALSE
	EndGlobalSection
	GlobalSection(ExtensibilityGlobals) = postSolution
		SolutionGuid = {2DCB8533-EBAD-4DA9-9D29-F5DA60811608}
	EndGlobalSection
EndGlobal
